PODS:
  - Alamofire (4.7.3)
  - Moya (11.0.2):
    - Moya/Core (= 11.0.2)
  - Moya/Core (11.0.2):
    - Alamofire (~> 4.1)
    - Result (~> 3.0)
  - Nimble (7.1.3)
  - Nuke (7.3.2)
  - Quick (1.3.1)
  - Realm (3.7.6):
    - Realm/Headers (= 3.7.6)
  - Realm/Headers (3.7.6)
  - RealmSwift (3.7.6):
    - Realm (= 3.7.6)
  - Result (3.2.4)
  - Reusable (4.0.3):
    - Reusable/Storyboard (= 4.0.3)
    - Reusable/View (= 4.0.3)
  - Reusable/Storyboard (4.0.3)
  - Reusable/View (4.0.3)
  - RxCocoa (5.1.0):
    - RxRelay (~> 5)
    - RxSwift (~> 5)
  - RxRelay (5.1.1):
    - RxSwift (~> 5)
  - RxSwift (5.1.0)
  - SwiftyJSON (4.1.0)

DEPENDENCIES:
  - Alamofire
  - Moya
  - Nimble
  - Nuke
  - Quick
  - RealmSwift
  - Reusable
  - RxCocoa (~> 5)
  - RxSwift (~> 5)
  - SwiftyJSON

SPEC REPOS:
  https://github.com/CocoaPods/Specs.git:
    - Alamofire
    - Moya
    - Nimble
    - Nuke
    - Quick
    - Realm
    - RealmSwift
    - Result
    - Reusable
    - SwiftyJSON
  trunk:
    - RxCocoa
    - RxRelay
    - RxSwift

SPEC CHECKSUMS:
  Alamofire: c7287b6e5d7da964a70935e5db17046b7fde6568
  Moya: a725035953bc1c0eb1be505ab903984501d82440
  Nimble: 2839b01d1b31f6a6a7777a221f0d91cf52e8e27b
  Nuke: a9a31bbd6c6723753ab024ef22057dcaaf046c1b
  Quick: d17304d58d0d169dd0bd1c6e5c28e3318de32a1a
  Realm: 9eaecad54712d6246d08ba34c10f354e4715d7d3
  RealmSwift: 1fe08b4ebaeeaacf17f9ba0343f7b25c9fc31fa6
  Result: d2d07204ce72856f1fd9130bbe42c35a7b0fea10
  Reusable: 12b67a60e1f3e8c523cc910795dab733f58fbc7e
  RxCocoa: 13d2a4d7546a34b8ececae8c281e4ea1dbb94f2b
  RxRelay: d77f7d771495f43c556cbc43eebd1bb54d01e8e9
  RxSwift: ad5874f24bb0dbffd1e9bb8443604e3578796c7a
  SwiftyJSON: c29297daf073d2aa016295d5809cdd68045c39b3

PODFILE CHECKSUM: dec55bca60a42c4417e37e440e6b629e741a0c43

COCOAPODS: 1.8.3
