// !$*UTF8*$!
{
	archiveVersion = 1;
	classes = {
	};
	objectVersion = 50;
	objects = {

/* Begin PBXBuildFile section */
		042B37962165B09900045DE3 /* AppDelegate.swift in Sources */ = {isa = PBXBuildFile; fileRef = 042B37952165B09900045DE3 /* AppDelegate.swift */; };
		042B37982165B09900045DE3 /* MovieListView.swift in Sources */ = {isa = PBXBuildFile; fileRef = 042B37972165B09900045DE3 /* MovieListView.swift */; };
		042B379B2165B09900045DE3 /* MovieListView.storyboard in Resources */ = {isa = PBXBuildFile; fileRef = 042B37992165B09900045DE3 /* MovieListView.storyboard */; };
		042B379D2165B09B00045DE3 /* Assets.xcassets in Resources */ = {isa = PBXBuildFile; fileRef = 042B379C2165B09B00045DE3 /* Assets.xcassets */; };
		042B37A02165B09B00045DE3 /* LaunchScreen.storyboard in Resources */ = {isa = PBXBuildFile; fileRef = 042B379E2165B09B00045DE3 /* LaunchScreen.storyboard */; };
		042B37AB2165B09B00045DE3 /* iOSChallengeTests.swift in Sources */ = {isa = PBXBuildFile; fileRef = 042B37AA2165B09B00045DE3 /* iOSChallengeTests.swift */; };
		042B37B62165B09B00045DE3 /* iOSChallengeUITests.swift in Sources */ = {isa = PBXBuildFile; fileRef = 042B37B52165B09B00045DE3 /* iOSChallengeUITests.swift */; };
		042B37C82165B67700045DE3 /* Movie.swift in Sources */ = {isa = PBXBuildFile; fileRef = 042B37C72165B67700045DE3 /* Movie.swift */; };
		042B37CA2165B94D00045DE3 /* MovieDetail.swift in Sources */ = {isa = PBXBuildFile; fileRef = 042B37C92165B94D00045DE3 /* MovieDetail.swift */; };
		042B37CF2165BC3F00045DE3 /* MovieDataSource.swift in Sources */ = {isa = PBXBuildFile; fileRef = 042B37CE2165BC3F00045DE3 /* MovieDataSource.swift */; };
		042B37D22165BD5800045DE3 /* MovieRestDataSource.swift in Sources */ = {isa = PBXBuildFile; fileRef = 042B37D12165BD5800045DE3 /* MovieRestDataSource.swift */; };
		042B37D92165BE9400045DE3 /* UIViewController.swift in Sources */ = {isa = PBXBuildFile; fileRef = 042B37D42165BE9300045DE3 /* UIViewController.swift */; };
		042B37DA2165BE9400045DE3 /* StringExtension.swift in Sources */ = {isa = PBXBuildFile; fileRef = 042B37D52165BE9300045DE3 /* StringExtension.swift */; };
		042B37DB2165BE9400045DE3 /* Nuke+UIImage.swift in Sources */ = {isa = PBXBuildFile; fileRef = 042B37D62165BE9400045DE3 /* Nuke+UIImage.swift */; };
		042B37DC2165BE9400045DE3 /* MoyaServices.swift in Sources */ = {isa = PBXBuildFile; fileRef = 042B37D72165BE9400045DE3 /* MoyaServices.swift */; };
		042B37DD2165BE9400045DE3 /* Moya.swift in Sources */ = {isa = PBXBuildFile; fileRef = 042B37D82165BE9400045DE3 /* Moya.swift */; };
		042B37E02165C2A800045DE3 /* MovieAPI.swift in Sources */ = {isa = PBXBuildFile; fileRef = 042B37DF2165C2A800045DE3 /* MovieAPI.swift */; };
		042B37E72166F1B000045DE3 /* MovieListController.swift in Sources */ = {isa = PBXBuildFile; fileRef = 042B37E62166F1B000045DE3 /* MovieListController.swift */; };
		042B37E92166F1E500045DE3 /* MovieListRepository.swift in Sources */ = {isa = PBXBuildFile; fileRef = 042B37E82166F1E500045DE3 /* MovieListRepository.swift */; };
		042B37EB2166F34F00045DE3 /* MovieUseCases.swift in Sources */ = {isa = PBXBuildFile; fileRef = 042B37EA2166F34F00045DE3 /* MovieUseCases.swift */; };
		042B37EE2166F43100045DE3 /* MovieListPresenter.swift in Sources */ = {isa = PBXBuildFile; fileRef = 042B37ED2166F43100045DE3 /* MovieListPresenter.swift */; };
		042B37F7216706E500045DE3 /* MovieListTableViewCell.swift in Sources */ = {isa = PBXBuildFile; fileRef = 042B37F5216706E500045DE3 /* MovieListTableViewCell.swift */; };
		042B37F8216706E500045DE3 /* MovieListTableViewCell.xib in Resources */ = {isa = PBXBuildFile; fileRef = 042B37F6216706E500045DE3 /* MovieListTableViewCell.xib */; };
		04F1595621684ACD004F9737 /* MovieListNavigator.swift in Sources */ = {isa = PBXBuildFile; fileRef = 04F1595521684ACD004F9737 /* MovieListNavigator.swift */; };
		04F1595821684C58004F9737 /* MovieDetailTableView.swift in Sources */ = {isa = PBXBuildFile; fileRef = 04F1595721684C58004F9737 /* MovieDetailTableView.swift */; };
		04F1595A21684C6C004F9737 /* MovieDetailTableView.storyboard in Resources */ = {isa = PBXBuildFile; fileRef = 04F1595921684C6C004F9737 /* MovieDetailTableView.storyboard */; };
		04F1595D21685692004F9737 /* MovieInfoTableViewCell.swift in Sources */ = {isa = PBXBuildFile; fileRef = 04F1595B21685692004F9737 /* MovieInfoTableViewCell.swift */; };
		04F1595E21685692004F9737 /* MovieInfoTableViewCell.xib in Resources */ = {isa = PBXBuildFile; fileRef = 04F1595C21685692004F9737 /* MovieInfoTableViewCell.xib */; };
		04F15961216856B1004F9737 /* PosterImageTableViewCell.swift in Sources */ = {isa = PBXBuildFile; fileRef = 04F1595F216856B1004F9737 /* PosterImageTableViewCell.swift */; };
		04F15962216856B1004F9737 /* PosterImageTableViewCell.xib in Resources */ = {isa = PBXBuildFile; fileRef = 04F15960216856B1004F9737 /* PosterImageTableViewCell.xib */; };
		04F1596421685A90004F9737 /* MovieDetailPresenter.swift in Sources */ = {isa = PBXBuildFile; fileRef = 04F1596321685A90004F9737 /* MovieDetailPresenter.swift */; };
		04F15967216A6F37004F9737 /* MovieDatabaseDataSource.swift in Sources */ = {isa = PBXBuildFile; fileRef = 04F15966216A6F37004F9737 /* MovieDatabaseDataSource.swift */; };
		04F15969216A756B004F9737 /* MovieListDatabaseRepository.swift in Sources */ = {isa = PBXBuildFile; fileRef = 04F15968216A756B004F9737 /* MovieListDatabaseRepository.swift */; };
		04F1596B216A76E1004F9737 /* MovieDatabaseUseCase.swift in Sources */ = {isa = PBXBuildFile; fileRef = 04F1596A216A76E1004F9737 /* MovieDatabaseUseCase.swift */; };
		04F1596E216A90E8004F9737 /* NetworkManager.swift in Sources */ = {isa = PBXBuildFile; fileRef = 04F1596D216A90E8004F9737 /* NetworkManager.swift */; };
		04F15970216AA687004F9737 /* LoadingView.swift in Sources */ = {isa = PBXBuildFile; fileRef = 04F1596F216AA687004F9737 /* LoadingView.swift */; };
		528F51A7CAB69AF6C42F8F75 /* Pods_iOSChallenge.framework in Frameworks */ = {isa = PBXBuildFile; fileRef = F9F475B9CF782582E781AEB2 /* Pods_iOSChallenge.framework */; };
		75D21DBE0FD856E4A6344231 /* Pods_iOSChallengeUITests.framework in Frameworks */ = {isa = PBXBuildFile; fileRef = FF549D21C7A1E2514917393D /* Pods_iOSChallengeUITests.framework */; };
		8D0F54AD77D954DDD5BEBE4B /* Pods_iOSChallengeTests.framework in Frameworks */ = {isa = PBXBuildFile; fileRef = 1343CA27BC4CD12B72BB8FA5 /* Pods_iOSChallengeTests.framework */; };
/* End PBXBuildFile section */

/* Begin PBXContainerItemProxy section */
		042B37A72165B09B00045DE3 /* PBXContainerItemProxy */ = {
			isa = PBXContainerItemProxy;
			containerPortal = 042B378A2165B09900045DE3 /* Project object */;
			proxyType = 1;
			remoteGlobalIDString = 042B37912165B09900045DE3;
			remoteInfo = iOSChallenge;
		};
		042B37B22165B09B00045DE3 /* PBXContainerItemProxy */ = {
			isa = PBXContainerItemProxy;
			containerPortal = 042B378A2165B09900045DE3 /* Project object */;
			proxyType = 1;
			remoteGlobalIDString = 042B37912165B09900045DE3;
			remoteInfo = iOSChallenge;
		};
/* End PBXContainerItemProxy section */

/* Begin PBXFileReference section */
		042B37922165B09900045DE3 /* iOSChallenge.app */ = {isa = PBXFileReference; explicitFileType = wrapper.application; includeInIndex = 0; path = iOSChallenge.app; sourceTree = BUILT_PRODUCTS_DIR; };
		042B37952165B09900045DE3 /* AppDelegate.swift */ = {isa = PBXFileReference; lastKnownFileType = sourcecode.swift; path = AppDelegate.swift; sourceTree = "<group>"; };
		042B37972165B09900045DE3 /* MovieListView.swift */ = {isa = PBXFileReference; lastKnownFileType = sourcecode.swift; path = MovieListView.swift; sourceTree = "<group>"; };
		042B379A2165B09900045DE3 /* Base */ = {isa = PBXFileReference; lastKnownFileType = file.storyboard; name = Base; path = Base.lproj/MovieListView.storyboard; sourceTree = "<group>"; };
		042B379C2165B09B00045DE3 /* Assets.xcassets */ = {isa = PBXFileReference; lastKnownFileType = folder.assetcatalog; path = Assets.xcassets; sourceTree = "<group>"; };
		042B379F2165B09B00045DE3 /* Base */ = {isa = PBXFileReference; lastKnownFileType = file.storyboard; name = Base; path = Base.lproj/LaunchScreen.storyboard; sourceTree = "<group>"; };
		042B37A12165B09B00045DE3 /* Info.plist */ = {isa = PBXFileReference; lastKnownFileType = text.plist.xml; path = Info.plist; sourceTree = "<group>"; };
		042B37A62165B09B00045DE3 /* iOSChallengeTests.xctest */ = {isa = PBXFileReference; explicitFileType = wrapper.cfbundle; includeInIndex = 0; path = iOSChallengeTests.xctest; sourceTree = BUILT_PRODUCTS_DIR; };
		042B37AA2165B09B00045DE3 /* iOSChallengeTests.swift */ = {isa = PBXFileReference; lastKnownFileType = sourcecode.swift; path = iOSChallengeTests.swift; sourceTree = "<group>"; };
		042B37AC2165B09B00045DE3 /* Info.plist */ = {isa = PBXFileReference; lastKnownFileType = text.plist.xml; path = Info.plist; sourceTree = "<group>"; };
		042B37B12165B09B00045DE3 /* iOSChallengeUITests.xctest */ = {isa = PBXFileReference; explicitFileType = wrapper.cfbundle; includeInIndex = 0; path = iOSChallengeUITests.xctest; sourceTree = BUILT_PRODUCTS_DIR; };
		042B37B52165B09B00045DE3 /* iOSChallengeUITests.swift */ = {isa = PBXFileReference; lastKnownFileType = sourcecode.swift; path = iOSChallengeUITests.swift; sourceTree = "<group>"; };
		042B37B72165B09B00045DE3 /* Info.plist */ = {isa = PBXFileReference; lastKnownFileType = text.plist.xml; path = Info.plist; sourceTree = "<group>"; };
		042B37C72165B67700045DE3 /* Movie.swift */ = {isa = PBXFileReference; lastKnownFileType = sourcecode.swift; path = Movie.swift; sourceTree = "<group>"; };
		042B37C92165B94D00045DE3 /* MovieDetail.swift */ = {isa = PBXFileReference; lastKnownFileType = sourcecode.swift; path = MovieDetail.swift; sourceTree = "<group>"; };
		042B37CE2165BC3F00045DE3 /* MovieDataSource.swift */ = {isa = PBXFileReference; lastKnownFileType = sourcecode.swift; path = MovieDataSource.swift; sourceTree = "<group>"; };
		042B37D12165BD5800045DE3 /* MovieRestDataSource.swift */ = {isa = PBXFileReference; lastKnownFileType = sourcecode.swift; path = MovieRestDataSource.swift; sourceTree = "<group>"; };
		042B37D42165BE9300045DE3 /* UIViewController.swift */ = {isa = PBXFileReference; fileEncoding = 4; lastKnownFileType = sourcecode.swift; path = UIViewController.swift; sourceTree = "<group>"; };
		042B37D52165BE9300045DE3 /* StringExtension.swift */ = {isa = PBXFileReference; fileEncoding = 4; lastKnownFileType = sourcecode.swift; path = StringExtension.swift; sourceTree = "<group>"; };
		042B37D62165BE9400045DE3 /* Nuke+UIImage.swift */ = {isa = PBXFileReference; fileEncoding = 4; lastKnownFileType = sourcecode.swift; path = "Nuke+UIImage.swift"; sourceTree = "<group>"; };
		042B37D72165BE9400045DE3 /* MoyaServices.swift */ = {isa = PBXFileReference; fileEncoding = 4; lastKnownFileType = sourcecode.swift; path = MoyaServices.swift; sourceTree = "<group>"; };
		042B37D82165BE9400045DE3 /* Moya.swift */ = {isa = PBXFileReference; fileEncoding = 4; lastKnownFileType = sourcecode.swift; path = Moya.swift; sourceTree = "<group>"; };
		042B37DF2165C2A800045DE3 /* MovieAPI.swift */ = {isa = PBXFileReference; lastKnownFileType = sourcecode.swift; path = MovieAPI.swift; sourceTree = "<group>"; };
		042B37E62166F1B000045DE3 /* MovieListController.swift */ = {isa = PBXFileReference; lastKnownFileType = sourcecode.swift; path = MovieListController.swift; sourceTree = "<group>"; };
		042B37E82166F1E500045DE3 /* MovieListRepository.swift */ = {isa = PBXFileReference; lastKnownFileType = sourcecode.swift; path = MovieListRepository.swift; sourceTree = "<group>"; };
		042B37EA2166F34F00045DE3 /* MovieUseCases.swift */ = {isa = PBXFileReference; lastKnownFileType = sourcecode.swift; path = MovieUseCases.swift; sourceTree = "<group>"; };
		042B37ED2166F43100045DE3 /* MovieListPresenter.swift */ = {isa = PBXFileReference; lastKnownFileType = sourcecode.swift; path = MovieListPresenter.swift; sourceTree = "<group>"; };
		042B37F5216706E500045DE3 /* MovieListTableViewCell.swift */ = {isa = PBXFileReference; lastKnownFileType = sourcecode.swift; path = MovieListTableViewCell.swift; sourceTree = "<group>"; };
		042B37F6216706E500045DE3 /* MovieListTableViewCell.xib */ = {isa = PBXFileReference; lastKnownFileType = file.xib; path = MovieListTableViewCell.xib; sourceTree = "<group>"; };
		04F1595521684ACD004F9737 /* MovieListNavigator.swift */ = {isa = PBXFileReference; lastKnownFileType = sourcecode.swift; path = MovieListNavigator.swift; sourceTree = "<group>"; };
		04F1595721684C58004F9737 /* MovieDetailTableView.swift */ = {isa = PBXFileReference; lastKnownFileType = sourcecode.swift; path = MovieDetailTableView.swift; sourceTree = "<group>"; };
		04F1595921684C6C004F9737 /* MovieDetailTableView.storyboard */ = {isa = PBXFileReference; lastKnownFileType = file.storyboard; path = MovieDetailTableView.storyboard; sourceTree = "<group>"; };
		04F1595B21685692004F9737 /* MovieInfoTableViewCell.swift */ = {isa = PBXFileReference; lastKnownFileType = sourcecode.swift; path = MovieInfoTableViewCell.swift; sourceTree = "<group>"; };
		04F1595C21685692004F9737 /* MovieInfoTableViewCell.xib */ = {isa = PBXFileReference; lastKnownFileType = file.xib; path = MovieInfoTableViewCell.xib; sourceTree = "<group>"; };
		04F1595F216856B1004F9737 /* PosterImageTableViewCell.swift */ = {isa = PBXFileReference; lastKnownFileType = sourcecode.swift; path = PosterImageTableViewCell.swift; sourceTree = "<group>"; };
		04F15960216856B1004F9737 /* PosterImageTableViewCell.xib */ = {isa = PBXFileReference; lastKnownFileType = file.xib; path = PosterImageTableViewCell.xib; sourceTree = "<group>"; };
		04F1596321685A90004F9737 /* MovieDetailPresenter.swift */ = {isa = PBXFileReference; lastKnownFileType = sourcecode.swift; path = MovieDetailPresenter.swift; sourceTree = "<group>"; };
		04F15966216A6F37004F9737 /* MovieDatabaseDataSource.swift */ = {isa = PBXFileReference; lastKnownFileType = sourcecode.swift; path = MovieDatabaseDataSource.swift; sourceTree = "<group>"; };
		04F15968216A756B004F9737 /* MovieListDatabaseRepository.swift */ = {isa = PBXFileReference; lastKnownFileType = sourcecode.swift; path = MovieListDatabaseRepository.swift; sourceTree = "<group>"; };
		04F1596A216A76E1004F9737 /* MovieDatabaseUseCase.swift */ = {isa = PBXFileReference; lastKnownFileType = sourcecode.swift; path = MovieDatabaseUseCase.swift; sourceTree = "<group>"; };
		04F1596D216A90E8004F9737 /* NetworkManager.swift */ = {isa = PBXFileReference; lastKnownFileType = sourcecode.swift; path = NetworkManager.swift; sourceTree = "<group>"; };
		04F1596F216AA687004F9737 /* LoadingView.swift */ = {isa = PBXFileReference; lastKnownFileType = sourcecode.swift; path = LoadingView.swift; sourceTree = "<group>"; };
		1343CA27BC4CD12B72BB8FA5 /* Pods_iOSChallengeTests.framework */ = {isa = PBXFileReference; explicitFileType = wrapper.framework; includeInIndex = 0; path = Pods_iOSChallengeTests.framework; sourceTree = BUILT_PRODUCTS_DIR; };
		2054C4CAB3DFD02A45F87267 /* Pods-iOSChallengeTests.debug.xcconfig */ = {isa = PBXFileReference; includeInIndex = 1; lastKnownFileType = text.xcconfig; name = "Pods-iOSChallengeTests.debug.xcconfig"; path = "Pods/Target Support Files/Pods-iOSChallengeTests/Pods-iOSChallengeTests.debug.xcconfig"; sourceTree = "<group>"; };
		8A0827DFD77A1B86BE1C3F2B /* Pods-iOSChallenge.debug.xcconfig */ = {isa = PBXFileReference; includeInIndex = 1; lastKnownFileType = text.xcconfig; name = "Pods-iOSChallenge.debug.xcconfig"; path = "Pods/Target Support Files/Pods-iOSChallenge/Pods-iOSChallenge.debug.xcconfig"; sourceTree = "<group>"; };
		9EF4079A87F0B65436F1C6B3 /* Pods-iOSChallengeUITests.release.xcconfig */ = {isa = PBXFileReference; includeInIndex = 1; lastKnownFileType = text.xcconfig; name = "Pods-iOSChallengeUITests.release.xcconfig"; path = "Pods/Target Support Files/Pods-iOSChallengeUITests/Pods-iOSChallengeUITests.release.xcconfig"; sourceTree = "<group>"; };
		A207E9C2220A9DF191B27DA4 /* Pods-iOSChallengeUITests.debug.xcconfig */ = {isa = PBXFileReference; includeInIndex = 1; lastKnownFileType = text.xcconfig; name = "Pods-iOSChallengeUITests.debug.xcconfig"; path = "Pods/Target Support Files/Pods-iOSChallengeUITests/Pods-iOSChallengeUITests.debug.xcconfig"; sourceTree = "<group>"; };
		D0967FB65D775EC890D1F58F /* Pods-iOSChallenge.release.xcconfig */ = {isa = PBXFileReference; includeInIndex = 1; lastKnownFileType = text.xcconfig; name = "Pods-iOSChallenge.release.xcconfig"; path = "Pods/Target Support Files/Pods-iOSChallenge/Pods-iOSChallenge.release.xcconfig"; sourceTree = "<group>"; };
		F9F475B9CF782582E781AEB2 /* Pods_iOSChallenge.framework */ = {isa = PBXFileReference; explicitFileType = wrapper.framework; includeInIndex = 0; path = Pods_iOSChallenge.framework; sourceTree = BUILT_PRODUCTS_DIR; };
		FDDA2345527406728AA2D5DB /* Pods-iOSChallengeTests.release.xcconfig */ = {isa = PBXFileReference; includeInIndex = 1; lastKnownFileType = text.xcconfig; name = "Pods-iOSChallengeTests.release.xcconfig"; path = "Pods/Target Support Files/Pods-iOSChallengeTests/Pods-iOSChallengeTests.release.xcconfig"; sourceTree = "<group>"; };
		FF549D21C7A1E2514917393D /* Pods_iOSChallengeUITests.framework */ = {isa = PBXFileReference; explicitFileType = wrapper.framework; includeInIndex = 0; path = Pods_iOSChallengeUITests.framework; sourceTree = BUILT_PRODUCTS_DIR; };
/* End PBXFileReference section */

/* Begin PBXFrameworksBuildPhase section */
		042B378F2165B09900045DE3 /* Frameworks */ = {
			isa = PBXFrameworksBuildPhase;
			buildActionMask = 2147483647;
			files = (
				528F51A7CAB69AF6C42F8F75 /* Pods_iOSChallenge.framework in Frameworks */,
			);
			runOnlyForDeploymentPostprocessing = 0;
		};
		042B37A32165B09B00045DE3 /* Frameworks */ = {
			isa = PBXFrameworksBuildPhase;
			buildActionMask = 2147483647;
			files = (
				8D0F54AD77D954DDD5BEBE4B /* Pods_iOSChallengeTests.framework in Frameworks */,
			);
			runOnlyForDeploymentPostprocessing = 0;
		};
		042B37AE2165B09B00045DE3 /* Frameworks */ = {
			isa = PBXFrameworksBuildPhase;
			buildActionMask = 2147483647;
			files = (
				75D21DBE0FD856E4A6344231 /* Pods_iOSChallengeUITests.framework in Frameworks */,
			);
			runOnlyForDeploymentPostprocessing = 0;
		};
/* End PBXFrameworksBuildPhase section */

/* Begin PBXGroup section */
		042B37892165B09900045DE3 = {
			isa = PBXGroup;
			children = (
				042B37942165B09900045DE3 /* iOSChallenge */,
				042B37A92165B09B00045DE3 /* iOSChallengeTests */,
				042B37B42165B09B00045DE3 /* iOSChallengeUITests */,
				042B37932165B09900045DE3 /* Products */,
				4FF6D938D11C294BF9163B8B /* Pods */,
				62060319E8E299E2FE0BAAFF /* Frameworks */,
			);
			sourceTree = "<group>";
		};
		042B37932165B09900045DE3 /* Products */ = {
			isa = PBXGroup;
			children = (
				042B37922165B09900045DE3 /* iOSChallenge.app */,
				042B37A62165B09B00045DE3 /* iOSChallengeTests.xctest */,
				042B37B12165B09B00045DE3 /* iOSChallengeUITests.xctest */,
			);
			name = Products;
			sourceTree = "<group>";
		};
		042B37942165B09900045DE3 /* iOSChallenge */ = {
			isa = PBXGroup;
			children = (
				04F1596C216A90CF004F9737 /* Commom */,
				042B37EC2166F41900045DE3 /* Presentation */,
				042B37D32165BE4E00045DE3 /* Extension */,
				042B37CB2165BBA600045DE3 /* Data */,
				042B37C42165B3FA00045DE3 /* Domain */,
				042B37C32165B32300045DE3 /* Supporting Files */,
			);
			path = iOSChallenge;
			sourceTree = "<group>";
		};
		042B37A92165B09B00045DE3 /* iOSChallengeTests */ = {
			isa = PBXGroup;
			children = (
				042B37AA2165B09B00045DE3 /* iOSChallengeTests.swift */,
				042B37AC2165B09B00045DE3 /* Info.plist */,
			);
			path = iOSChallengeTests;
			sourceTree = "<group>";
		};
		042B37B42165B09B00045DE3 /* iOSChallengeUITests */ = {
			isa = PBXGroup;
			children = (
				042B37B52165B09B00045DE3 /* iOSChallengeUITests.swift */,
				042B37B72165B09B00045DE3 /* Info.plist */,
			);
			path = iOSChallengeUITests;
			sourceTree = "<group>";
		};
		042B37C32165B32300045DE3 /* Supporting Files */ = {
			isa = PBXGroup;
			children = (
				042B37952165B09900045DE3 /* AppDelegate.swift */,
				042B379C2165B09B00045DE3 /* Assets.xcassets */,
				042B379E2165B09B00045DE3 /* LaunchScreen.storyboard */,
				042B37A12165B09B00045DE3 /* Info.plist */,
			);
			path = "Supporting Files";
			sourceTree = "<group>";
		};
		042B37C42165B3FA00045DE3 /* Domain */ = {
			isa = PBXGroup;
			children = (
				042B37C62165B41400045DE3 /* Model */,
				042B37C52165B40700045DE3 /* Use Case */,
			);
			path = Domain;
			sourceTree = "<group>";
		};
		042B37C52165B40700045DE3 /* Use Case */ = {
			isa = PBXGroup;
			children = (
				042B37EA2166F34F00045DE3 /* MovieUseCases.swift */,
				04F1596A216A76E1004F9737 /* MovieDatabaseUseCase.swift */,
			);
			path = "Use Case";
			sourceTree = "<group>";
		};
		042B37C62165B41400045DE3 /* Model */ = {
			isa = PBXGroup;
			children = (
				042B37C72165B67700045DE3 /* Movie.swift */,
				042B37C92165B94D00045DE3 /* MovieDetail.swift */,
			);
			path = Model;
			sourceTree = "<group>";
		};
		042B37CB2165BBA600045DE3 /* Data */ = {
			isa = PBXGroup;
			children = (
				042B37E42166F0E100045DE3 /* Controller */,
				042B37CC2165BC0700045DE3 /* Data Source */,
			);
			path = Data;
			sourceTree = "<group>";
		};
		042B37CC2165BC0700045DE3 /* Data Source */ = {
			isa = PBXGroup;
			children = (
				04F15965216A6A91004F9737 /* Database */,
				042B37D02165BCDE00045DE3 /* Protocol */,
				042B37CD2165BC2700045DE3 /* REST */,
			);
			path = "Data Source";
			sourceTree = "<group>";
		};
		042B37CD2165BC2700045DE3 /* REST */ = {
			isa = PBXGroup;
			children = (
				042B37DE2165C12B00045DE3 /* Enpoints */,
				042B37D12165BD5800045DE3 /* MovieRestDataSource.swift */,
			);
			path = REST;
			sourceTree = "<group>";
		};
		042B37D02165BCDE00045DE3 /* Protocol */ = {
			isa = PBXGroup;
			children = (
				042B37CE2165BC3F00045DE3 /* MovieDataSource.swift */,
			);
			path = Protocol;
			sourceTree = "<group>";
		};
		042B37D32165BE4E00045DE3 /* Extension */ = {
			isa = PBXGroup;
			children = (
				042B37D82165BE9400045DE3 /* Moya.swift */,
				042B37D72165BE9400045DE3 /* MoyaServices.swift */,
				042B37D62165BE9400045DE3 /* Nuke+UIImage.swift */,
				042B37D52165BE9300045DE3 /* StringExtension.swift */,
				042B37D42165BE9300045DE3 /* UIViewController.swift */,
			);
			path = Extension;
			sourceTree = "<group>";
		};
		042B37DE2165C12B00045DE3 /* Enpoints */ = {
			isa = PBXGroup;
			children = (
				042B37DF2165C2A800045DE3 /* MovieAPI.swift */,
			);
			path = Enpoints;
			sourceTree = "<group>";
		};
		042B37E42166F0E100045DE3 /* Controller */ = {
			isa = PBXGroup;
			children = (
				042B37E52166F0EC00045DE3 /* Protocol */,
				042B37E82166F1E500045DE3 /* MovieListRepository.swift */,
				04F15968216A756B004F9737 /* MovieListDatabaseRepository.swift */,
			);
			path = Controller;
			sourceTree = "<group>";
		};
		042B37E52166F0EC00045DE3 /* Protocol */ = {
			isa = PBXGroup;
			children = (
				042B37E62166F1B000045DE3 /* MovieListController.swift */,
			);
			path = Protocol;
			sourceTree = "<group>";
		};
		042B37EC2166F41900045DE3 /* Presentation */ = {
			isa = PBXGroup;
			children = (
				042B37EF2166F64000045DE3 /* Movie Detail */,
			);
			path = Presentation;
			sourceTree = "<group>";
		};
		042B37EF2166F64000045DE3 /* Movie Detail */ = {
			isa = PBXGroup;
			children = (
				04F1595421684AB9004F9737 /* Navigator */,
				042B37F4216706C500045DE3 /* Cell */,
				042B37F12166F65400045DE3 /* View */,
				042B37F02166F64E00045DE3 /* Presenter */,
			);
			path = "Movie Detail";
			sourceTree = "<group>";
		};
		042B37F02166F64E00045DE3 /* Presenter */ = {
			isa = PBXGroup;
			children = (
				042B37ED2166F43100045DE3 /* MovieListPresenter.swift */,
				04F1596321685A90004F9737 /* MovieDetailPresenter.swift */,
			);
			path = Presenter;
			sourceTree = "<group>";
		};
		042B37F12166F65400045DE3 /* View */ = {
			isa = PBXGroup;
			children = (
				042B37992165B09900045DE3 /* MovieListView.storyboard */,
				042B37972165B09900045DE3 /* MovieListView.swift */,
				04F1595721684C58004F9737 /* MovieDetailTableView.swift */,
				04F1595921684C6C004F9737 /* MovieDetailTableView.storyboard */,
			);
			path = View;
			sourceTree = "<group>";
		};
		042B37F4216706C500045DE3 /* Cell */ = {
			isa = PBXGroup;
			children = (
				042B37F5216706E500045DE3 /* MovieListTableViewCell.swift */,
				042B37F6216706E500045DE3 /* MovieListTableViewCell.xib */,
				04F1595B21685692004F9737 /* MovieInfoTableViewCell.swift */,
				04F1595C21685692004F9737 /* MovieInfoTableViewCell.xib */,
				04F1595F216856B1004F9737 /* PosterImageTableViewCell.swift */,
				04F15960216856B1004F9737 /* PosterImageTableViewCell.xib */,
			);
			path = Cell;
			sourceTree = "<group>";
		};
		04F1595421684AB9004F9737 /* Navigator */ = {
			isa = PBXGroup;
			children = (
				04F1595521684ACD004F9737 /* MovieListNavigator.swift */,
			);
			path = Navigator;
			sourceTree = "<group>";
		};
		04F15965216A6A91004F9737 /* Database */ = {
			isa = PBXGroup;
			children = (
				04F15966216A6F37004F9737 /* MovieDatabaseDataSource.swift */,
			);
			path = Database;
			sourceTree = "<group>";
		};
		04F1596C216A90CF004F9737 /* Commom */ = {
			isa = PBXGroup;
			children = (
				04F1596D216A90E8004F9737 /* NetworkManager.swift */,
				04F1596F216AA687004F9737 /* LoadingView.swift */,
			);
			path = Commom;
			sourceTree = "<group>";
		};
		4FF6D938D11C294BF9163B8B /* Pods */ = {
			isa = PBXGroup;
			children = (
				8A0827DFD77A1B86BE1C3F2B /* Pods-iOSChallenge.debug.xcconfig */,
				D0967FB65D775EC890D1F58F /* Pods-iOSChallenge.release.xcconfig */,
				2054C4CAB3DFD02A45F87267 /* Pods-iOSChallengeTests.debug.xcconfig */,
				FDDA2345527406728AA2D5DB /* Pods-iOSChallengeTests.release.xcconfig */,
				A207E9C2220A9DF191B27DA4 /* Pods-iOSChallengeUITests.debug.xcconfig */,
				9EF4079A87F0B65436F1C6B3 /* Pods-iOSChallengeUITests.release.xcconfig */,
			);
			name = Pods;
			sourceTree = "<group>";
		};
		62060319E8E299E2FE0BAAFF /* Frameworks */ = {
			isa = PBXGroup;
			children = (
				F9F475B9CF782582E781AEB2 /* Pods_iOSChallenge.framework */,
				1343CA27BC4CD12B72BB8FA5 /* Pods_iOSChallengeTests.framework */,
				FF549D21C7A1E2514917393D /* Pods_iOSChallengeUITests.framework */,
			);
			name = Frameworks;
			sourceTree = "<group>";
		};
/* End PBXGroup section */

/* Begin PBXNativeTarget section */
		042B37912165B09900045DE3 /* iOSChallenge */ = {
			isa = PBXNativeTarget;
			buildConfigurationList = 042B37BA2165B09B00045DE3 /* Build configuration list for PBXNativeTarget "iOSChallenge" */;
			buildPhases = (
				9059B1481AAC33B958DA66CF /* [CP] Check Pods Manifest.lock */,
				042B378E2165B09900045DE3 /* Sources */,
				042B378F2165B09900045DE3 /* Frameworks */,
				042B37902165B09900045DE3 /* Resources */,
				7018423F51923F2D5390D55B /* [CP] Embed Pods Frameworks */,
			);
			buildRules = (
			);
			dependencies = (
			);
			name = iOSChallenge;
			productName = iOSChallenge;
			productReference = 042B37922165B09900045DE3 /* iOSChallenge.app */;
			productType = "com.apple.product-type.application";
		};
		042B37A52165B09B00045DE3 /* iOSChallengeTests */ = {
			isa = PBXNativeTarget;
			buildConfigurationList = 042B37BD2165B09B00045DE3 /* Build configuration list for PBXNativeTarget "iOSChallengeTests" */;
			buildPhases = (
				C66B3AF62C44D82F1CCBA970 /* [CP] Check Pods Manifest.lock */,
				042B37A22165B09B00045DE3 /* Sources */,
				042B37A32165B09B00045DE3 /* Frameworks */,
				042B37A42165B09B00045DE3 /* Resources */,
			);
			buildRules = (
			);
			dependencies = (
				042B37A82165B09B00045DE3 /* PBXTargetDependency */,
			);
			name = iOSChallengeTests;
			productName = iOSChallengeTests;
			productReference = 042B37A62165B09B00045DE3 /* iOSChallengeTests.xctest */;
			productType = "com.apple.product-type.bundle.unit-test";
		};
		042B37B02165B09B00045DE3 /* iOSChallengeUITests */ = {
			isa = PBXNativeTarget;
			buildConfigurationList = 042B37C02165B09B00045DE3 /* Build configuration list for PBXNativeTarget "iOSChallengeUITests" */;
			buildPhases = (
				07B5B45981882750BCC7238F /* [CP] Check Pods Manifest.lock */,
				042B37AD2165B09B00045DE3 /* Sources */,
				042B37AE2165B09B00045DE3 /* Frameworks */,
				042B37AF2165B09B00045DE3 /* Resources */,
			);
			buildRules = (
			);
			dependencies = (
				042B37B32165B09B00045DE3 /* PBXTargetDependency */,
			);
			name = iOSChallengeUITests;
			productName = iOSChallengeUITests;
			productReference = 042B37B12165B09B00045DE3 /* iOSChallengeUITests.xctest */;
			productType = "com.apple.product-type.bundle.ui-testing";
		};
/* End PBXNativeTarget section */

/* Begin PBXProject section */
		042B378A2165B09900045DE3 /* Project object */ = {
			isa = PBXProject;
			attributes = {
				LastSwiftUpdateCheck = 0940;
				LastUpgradeCheck = 0940;
				ORGANIZATIONNAME = "Ricardo Sgobbe";
				TargetAttributes = {
					042B37912165B09900045DE3 = {
						CreatedOnToolsVersion = 9.4.1;
					};
					042B37A52165B09B00045DE3 = {
						CreatedOnToolsVersion = 9.4.1;
						TestTargetID = 042B37912165B09900045DE3;
					};
					042B37B02165B09B00045DE3 = {
						CreatedOnToolsVersion = 9.4.1;
						TestTargetID = 042B37912165B09900045DE3;
					};
				};
			};
			buildConfigurationList = 042B378D2165B09900045DE3 /* Build configuration list for PBXProject "iOSChallenge" */;
			compatibilityVersion = "Xcode 9.3";
			developmentRegion = en;
			hasScannedForEncodings = 0;
			knownRegions = (
				en,
				Base,
			);
			mainGroup = 042B37892165B09900045DE3;
			productRefGroup = 042B37932165B09900045DE3 /* Products */;
			projectDirPath = "";
			projectRoot = "";
			targets = (
				042B37912165B09900045DE3 /* iOSChallenge */,
				042B37A52165B09B00045DE3 /* iOSChallengeTests */,
				042B37B02165B09B00045DE3 /* iOSChallengeUITests */,
			);
		};
/* End PBXProject section */

/* Begin PBXResourcesBuildPhase section */
		042B37902165B09900045DE3 /* Resources */ = {
			isa = PBXResourcesBuildPhase;
			buildActionMask = 2147483647;
			files = (
				042B37A02165B09B00045DE3 /* LaunchScreen.storyboard in Resources */,
				04F1595A21684C6C004F9737 /* MovieDetailTableView.storyboard in Resources */,
				04F1595E21685692004F9737 /* MovieInfoTableViewCell.xib in Resources */,
				042B379D2165B09B00045DE3 /* Assets.xcassets in Resources */,
				042B37F8216706E500045DE3 /* MovieListTableViewCell.xib in Resources */,
				042B379B2165B09900045DE3 /* MovieListView.storyboard in Resources */,
				04F15962216856B1004F9737 /* PosterImageTableViewCell.xib in Resources */,
			);
			runOnlyForDeploymentPostprocessing = 0;
		};
		042B37A42165B09B00045DE3 /* Resources */ = {
			isa = PBXResourcesBuildPhase;
			buildActionMask = 2147483647;
			files = (
			);
			runOnlyForDeploymentPostprocessing = 0;
		};
		042B37AF2165B09B00045DE3 /* Resources */ = {
			isa = PBXResourcesBuildPhase;
			buildActionMask = 2147483647;
			files = (
			);
			runOnlyForDeploymentPostprocessing = 0;
		};
/* End PBXResourcesBuildPhase section */

/* Begin PBXShellScriptBuildPhase section */
		07B5B45981882750BCC7238F /* [CP] Check Pods Manifest.lock */ = {
			isa = PBXShellScriptBuildPhase;
			buildActionMask = 2147483647;
			files = (
			);
			inputPaths = (
				"${PODS_PODFILE_DIR_PATH}/Podfile.lock",
				"${PODS_ROOT}/Manifest.lock",
			);
			name = "[CP] Check Pods Manifest.lock";
			outputPaths = (
				"$(DERIVED_FILE_DIR)/Pods-iOSChallengeUITests-checkManifestLockResult.txt",
			);
			runOnlyForDeploymentPostprocessing = 0;
			shellPath = /bin/sh;
			shellScript = "diff \"${PODS_PODFILE_DIR_PATH}/Podfile.lock\" \"${PODS_ROOT}/Manifest.lock\" > /dev/null\nif [ $? != 0 ] ; then\n    # print error to STDERR\n    echo \"error: The sandbox is not in sync with the Podfile.lock. Run 'pod install' or update your CocoaPods installation.\" >&2\n    exit 1\nfi\n# This output is used by Xcode 'outputs' to avoid re-running this script phase.\necho \"SUCCESS\" > \"${SCRIPT_OUTPUT_FILE_0}\"\n";
			showEnvVarsInLog = 0;
		};
		7018423F51923F2D5390D55B /* [CP] Embed Pods Frameworks */ = {
			isa = PBXShellScriptBuildPhase;
			buildActionMask = 2147483647;
			files = (
			);
			inputPaths = (
				"${SRCROOT}/Pods/Target Support Files/Pods-iOSChallenge/Pods-iOSChallenge-frameworks.sh",
				"${BUILT_PRODUCTS_DIR}/Alamofire/Alamofire.framework",
				"${BUILT_PRODUCTS_DIR}/Moya/Moya.framework",
				"${BUILT_PRODUCTS_DIR}/Nuke/Nuke.framework",
				"${BUILT_PRODUCTS_DIR}/Realm/Realm.framework",
				"${BUILT_PRODUCTS_DIR}/RealmSwift/RealmSwift.framework",
				"${BUILT_PRODUCTS_DIR}/Result/Result.framework",
				"${BUILT_PRODUCTS_DIR}/Reusable/Reusable.framework",
				"${BUILT_PRODUCTS_DIR}/SwiftyJSON/SwiftyJSON.framework",
			);
			name = "[CP] Embed Pods Frameworks";
			outputPaths = (
				"${TARGET_BUILD_DIR}/${FRAMEWORKS_FOLDER_PATH}/Alamofire.framework",
				"${TARGET_BUILD_DIR}/${FRAMEWORKS_FOLDER_PATH}/Moya.framework",
				"${TARGET_BUILD_DIR}/${FRAMEWORKS_FOLDER_PATH}/Nuke.framework",
				"${TARGET_BUILD_DIR}/${FRAMEWORKS_FOLDER_PATH}/Realm.framework",
				"${TARGET_BUILD_DIR}/${FRAMEWORKS_FOLDER_PATH}/RealmSwift.framework",
				"${TARGET_BUILD_DIR}/${FRAMEWORKS_FOLDER_PATH}/Result.framework",
				"${TARGET_BUILD_DIR}/${FRAMEWORKS_FOLDER_PATH}/Reusable.framework",
				"${TARGET_BUILD_DIR}/${FRAMEWORKS_FOLDER_PATH}/SwiftyJSON.framework",
			);
			runOnlyForDeploymentPostprocessing = 0;
			shellPath = /bin/sh;
			shellScript = "\"${SRCROOT}/Pods/Target Support Files/Pods-iOSChallenge/Pods-iOSChallenge-frameworks.sh\"\n";
			showEnvVarsInLog = 0;
		};
		9059B1481AAC33B958DA66CF /* [CP] Check Pods Manifest.lock */ = {
			isa = PBXShellScriptBuildPhase;
			buildActionMask = 2147483647;
			files = (
			);
			inputPaths = (
				"${PODS_PODFILE_DIR_PATH}/Podfile.lock",
				"${PODS_ROOT}/Manifest.lock",
			);
			name = "[CP] Check Pods Manifest.lock";
			outputPaths = (
				"$(DERIVED_FILE_DIR)/Pods-iOSChallenge-checkManifestLockResult.txt",
			);
			runOnlyForDeploymentPostprocessing = 0;
			shellPath = /bin/sh;
			shellScript = "diff \"${PODS_PODFILE_DIR_PATH}/Podfile.lock\" \"${PODS_ROOT}/Manifest.lock\" > /dev/null\nif [ $? != 0 ] ; then\n    # print error to STDERR\n    echo \"error: The sandbox is not in sync with the Podfile.lock. Run 'pod install' or update your CocoaPods installation.\" >&2\n    exit 1\nfi\n# This output is used by Xcode 'outputs' to avoid re-running this script phase.\necho \"SUCCESS\" > \"${SCRIPT_OUTPUT_FILE_0}\"\n";
			showEnvVarsInLog = 0;
		};
		C66B3AF62C44D82F1CCBA970 /* [CP] Check Pods Manifest.lock */ = {
			isa = PBXShellScriptBuildPhase;
			buildActionMask = 2147483647;
			files = (
			);
			inputPaths = (
				"${PODS_PODFILE_DIR_PATH}/Podfile.lock",
				"${PODS_ROOT}/Manifest.lock",
			);
			name = "[CP] Check Pods Manifest.lock";
			outputPaths = (
				"$(DERIVED_FILE_DIR)/Pods-iOSChallengeTests-checkManifestLockResult.txt",
			);
			runOnlyForDeploymentPostprocessing = 0;
			shellPath = /bin/sh;
			shellScript = "diff \"${PODS_PODFILE_DIR_PATH}/Podfile.lock\" \"${PODS_ROOT}/Manifest.lock\" > /dev/null\nif [ $? != 0 ] ; then\n    # print error to STDERR\n    echo \"error: The sandbox is not in sync with the Podfile.lock. Run 'pod install' or update your CocoaPods installation.\" >&2\n    exit 1\nfi\n# This output is used by Xcode 'outputs' to avoid re-running this script phase.\necho \"SUCCESS\" > \"${SCRIPT_OUTPUT_FILE_0}\"\n";
			showEnvVarsInLog = 0;
		};
/* End PBXShellScriptBuildPhase section */

/* Begin PBXSourcesBuildPhase section */
		042B378E2165B09900045DE3 /* Sources */ = {
			isa = PBXSourcesBuildPhase;
			buildActionMask = 2147483647;
			files = (
				042B37D92165BE9400045DE3 /* UIViewController.swift in Sources */,
				042B37CF2165BC3F00045DE3 /* MovieDataSource.swift in Sources */,
				04F1595621684ACD004F9737 /* MovieListNavigator.swift in Sources */,
				042B37D22165BD5800045DE3 /* MovieRestDataSource.swift in Sources */,
				04F15967216A6F37004F9737 /* MovieDatabaseDataSource.swift in Sources */,
				042B37982165B09900045DE3 /* MovieListView.swift in Sources */,
				04F1595821684C58004F9737 /* MovieDetailTableView.swift in Sources */,
				04F15969216A756B004F9737 /* MovieListDatabaseRepository.swift in Sources */,
				04F15970216AA687004F9737 /* LoadingView.swift in Sources */,
				042B37DB2165BE9400045DE3 /* Nuke+UIImage.swift in Sources */,
				042B37EB2166F34F00045DE3 /* MovieUseCases.swift in Sources */,
				04F15961216856B1004F9737 /* PosterImageTableViewCell.swift in Sources */,
				042B37DA2165BE9400045DE3 /* StringExtension.swift in Sources */,
				042B37F7216706E500045DE3 /* MovieListTableViewCell.swift in Sources */,
				04F1596B216A76E1004F9737 /* MovieDatabaseUseCase.swift in Sources */,
				04F1595D21685692004F9737 /* MovieInfoTableViewCell.swift in Sources */,
				042B37EE2166F43100045DE3 /* MovieListPresenter.swift in Sources */,
				04F1596E216A90E8004F9737 /* NetworkManager.swift in Sources */,
				042B37E92166F1E500045DE3 /* MovieListRepository.swift in Sources */,
				042B37962165B09900045DE3 /* AppDelegate.swift in Sources */,
				042B37DD2165BE9400045DE3 /* Moya.swift in Sources */,
				042B37DC2165BE9400045DE3 /* MoyaServices.swift in Sources */,
				042B37C82165B67700045DE3 /* Movie.swift in Sources */,
				04F1596421685A90004F9737 /* MovieDetailPresenter.swift in Sources */,
				042B37E02165C2A800045DE3 /* MovieAPI.swift in Sources */,
				042B37E72166F1B000045DE3 /* MovieListController.swift in Sources */,
				042B37CA2165B94D00045DE3 /* MovieDetail.swift in Sources */,
			);
			runOnlyForDeploymentPostprocessing = 0;
		};
		042B37A22165B09B00045DE3 /* Sources */ = {
			isa = PBXSourcesBuildPhase;
			buildActionMask = 2147483647;
			files = (
				042B37AB2165B09B00045DE3 /* iOSChallengeTests.swift in Sources */,
			);
			runOnlyForDeploymentPostprocessing = 0;
		};
		042B37AD2165B09B00045DE3 /* Sources */ = {
			isa = PBXSourcesBuildPhase;
			buildActionMask = 2147483647;
			files = (
				042B37B62165B09B00045DE3 /* iOSChallengeUITests.swift in Sources */,
			);
			runOnlyForDeploymentPostprocessing = 0;
		};
/* End PBXSourcesBuildPhase section */

/* Begin PBXTargetDependency section */
		042B37A82165B09B00045DE3 /* PBXTargetDependency */ = {
			isa = PBXTargetDependency;
			target = 042B37912165B09900045DE3 /* iOSChallenge */;
			targetProxy = 042B37A72165B09B00045DE3 /* PBXContainerItemProxy */;
		};
		042B37B32165B09B00045DE3 /* PBXTargetDependency */ = {
			isa = PBXTargetDependency;
			target = 042B37912165B09900045DE3 /* iOSChallenge */;
			targetProxy = 042B37B22165B09B00045DE3 /* PBXContainerItemProxy */;
		};
/* End PBXTargetDependency section */

/* Begin PBXVariantGroup section */
		042B37992165B09900045DE3 /* MovieListView.storyboard */ = {
			isa = PBXVariantGroup;
			children = (
				042B379A2165B09900045DE3 /* Base */,
			);
			name = MovieListView.storyboard;
			sourceTree = "<group>";
		};
		042B379E2165B09B00045DE3 /* LaunchScreen.storyboard */ = {
			isa = PBXVariantGroup;
			children = (
				042B379F2165B09B00045DE3 /* Base */,
			);
			name = LaunchScreen.storyboard;
			sourceTree = "<group>";
		};
/* End PBXVariantGroup section */

/* Begin XCBuildConfiguration section */
		042B37B82165B09B00045DE3 /* Debug */ = {
			isa = XCBuildConfiguration;
			buildSettings = {
				ALWAYS_SEARCH_USER_PATHS = NO;
				CLANG_ANALYZER_NONNULL = YES;
				CLANG_ANALYZER_NUMBER_OBJECT_CONVERSION = YES_AGGRESSIVE;
				CLANG_CXX_LANGUAGE_STANDARD = "gnu++14";
				CLANG_CXX_LIBRARY = "libc++";
				CLANG_ENABLE_MODULES = YES;
				CLANG_ENABLE_OBJC_ARC = YES;
				CLANG_ENABLE_OBJC_WEAK = YES;
				CLANG_WARN_BLOCK_CAPTURE_AUTORELEASING = YES;
				CLANG_WARN_BOOL_CONVERSION = YES;
				CLANG_WARN_COMMA = YES;
				CLANG_WARN_CONSTANT_CONVERSION = YES;
				CLANG_WARN_DEPRECATED_OBJC_IMPLEMENTATIONS = YES;
				CLANG_WARN_DIRECT_OBJC_ISA_USAGE = YES_ERROR;
				CLANG_WARN_DOCUMENTATION_COMMENTS = YES;
				CLANG_WARN_EMPTY_BODY = YES;
				CLANG_WARN_ENUM_CONVERSION = YES;
				CLANG_WARN_INFINITE_RECURSION = YES;
				CLANG_WARN_INT_CONVERSION = YES;
				CLANG_WARN_NON_LITERAL_NULL_CONVERSION = YES;
				CLANG_WARN_OBJC_IMPLICIT_RETAIN_SELF = YES;
				CLANG_WARN_OBJC_LITERAL_CONVERSION = YES;
				CLANG_WARN_OBJC_ROOT_CLASS = YES_ERROR;
				CLANG_WARN_RANGE_LOOP_ANALYSIS = YES;
				CLANG_WARN_STRICT_PROTOTYPES = YES;
				CLANG_WARN_SUSPICIOUS_MOVE = YES;
				CLANG_WARN_UNGUARDED_AVAILABILITY = YES_AGGRESSIVE;
				CLANG_WARN_UNREACHABLE_CODE = YES;
				CLANG_WARN__DUPLICATE_METHOD_MATCH = YES;
				CODE_SIGN_IDENTITY = "iPhone Developer";
				COPY_PHASE_STRIP = NO;
				DEBUG_INFORMATION_FORMAT = dwarf;
				ENABLE_STRICT_OBJC_MSGSEND = YES;
				ENABLE_TESTABILITY = YES;
				GCC_C_LANGUAGE_STANDARD = gnu11;
				GCC_DYNAMIC_NO_PIC = NO;
				GCC_NO_COMMON_BLOCKS = YES;
				GCC_OPTIMIZATION_LEVEL = 0;
				GCC_PREPROCESSOR_DEFINITIONS = (
					"DEBUG=1",
					"$(inherited)",
				);
				GCC_WARN_64_TO_32_BIT_CONVERSION = YES;
				GCC_WARN_ABOUT_RETURN_TYPE = YES_ERROR;
				GCC_WARN_UNDECLARED_SELECTOR = YES;
				GCC_WARN_UNINITIALIZED_AUTOS = YES_AGGRESSIVE;
				GCC_WARN_UNUSED_FUNCTION = YES;
				GCC_WARN_UNUSED_VARIABLE = YES;
				IPHONEOS_DEPLOYMENT_TARGET = 11.4;
				MTL_ENABLE_DEBUG_INFO = YES;
				ONLY_ACTIVE_ARCH = YES;
				SDKROOT = iphoneos;
				SWIFT_ACTIVE_COMPILATION_CONDITIONS = DEBUG;
				SWIFT_OPTIMIZATION_LEVEL = "-Onone";
			};
			name = Debug;
		};
		042B37B92165B09B00045DE3 /* Release */ = {
			isa = XCBuildConfiguration;
			buildSettings = {
				ALWAYS_SEARCH_USER_PATHS = NO;
				CLANG_ANALYZER_NONNULL = YES;
				CLANG_ANALYZER_NUMBER_OBJECT_CONVERSION = YES_AGGRESSIVE;
				CLANG_CXX_LANGUAGE_STANDARD = "gnu++14";
				CLANG_CXX_LIBRARY = "libc++";
				CLANG_ENABLE_MODULES = YES;
				CLANG_ENABLE_OBJC_ARC = YES;
				CLANG_ENABLE_OBJC_WEAK = YES;
				CLANG_WARN_BLOCK_CAPTURE_AUTORELEASING = YES;
				CLANG_WARN_BOOL_CONVERSION = YES;
				CLANG_WARN_COMMA = YES;
				CLANG_WARN_CONSTANT_CONVERSION = YES;
				CLANG_WARN_DEPRECATED_OBJC_IMPLEMENTATIONS = YES;
				CLANG_WARN_DIRECT_OBJC_ISA_USAGE = YES_ERROR;
				CLANG_WARN_DOCUMENTATION_COMMENTS = YES;
				CLANG_WARN_EMPTY_BODY = YES;
				CLANG_WARN_ENUM_CONVERSION = YES;
				CLANG_WARN_INFINITE_RECURSION = YES;
				CLANG_WARN_INT_CONVERSION = YES;
				CLANG_WARN_NON_LITERAL_NULL_CONVERSION = YES;
				CLANG_WARN_OBJC_IMPLICIT_RETAIN_SELF = YES;
				CLANG_WARN_OBJC_LITERAL_CONVERSION = YES;
				CLANG_WARN_OBJC_ROOT_CLASS = YES_ERROR;
				CLANG_WARN_RANGE_LOOP_ANALYSIS = YES;
				CLANG_WARN_STRICT_PROTOTYPES = YES;
				CLANG_WARN_SUSPICIOUS_MOVE = YES;
				CLANG_WARN_UNGUARDED_AVAILABILITY = YES_AGGRESSIVE;
				CLANG_WARN_UNREACHABLE_CODE = YES;
				CLANG_WARN__DUPLICATE_METHOD_MATCH = YES;
				CODE_SIGN_IDENTITY = "iPhone Developer";
				COPY_PHASE_STRIP = NO;
				DEBUG_INFORMATION_FORMAT = "dwarf-with-dsym";
				ENABLE_NS_ASSERTIONS = NO;
				ENABLE_STRICT_OBJC_MSGSEND = YES;
				GCC_C_LANGUAGE_STANDARD = gnu11;
				GCC_NO_COMMON_BLOCKS = YES;
				GCC_WARN_64_TO_32_BIT_CONVERSION = YES;
				GCC_WARN_ABOUT_RETURN_TYPE = YES_ERROR;
				GCC_WARN_UNDECLARED_SELECTOR = YES;
				GCC_WARN_UNINITIALIZED_AUTOS = YES_AGGRESSIVE;
				GCC_WARN_UNUSED_FUNCTION = YES;
				GCC_WARN_UNUSED_VARIABLE = YES;
				IPHONEOS_DEPLOYMENT_TARGET = 11.4;
				MTL_ENABLE_DEBUG_INFO = NO;
				SDKROOT = iphoneos;
				SWIFT_COMPILATION_MODE = wholemodule;
				SWIFT_OPTIMIZATION_LEVEL = "-O";
				VALIDATE_PRODUCT = YES;
			};
			name = Release;
		};
		042B37BB2165B09B00045DE3 /* Debug */ = {
			isa = XCBuildConfiguration;
			baseConfigurationReference = 8A0827DFD77A1B86BE1C3F2B /* Pods-iOSChallenge.debug.xcconfig */;
			buildSettings = {
				ASSETCATALOG_COMPILER_APPICON_NAME = AppIcon;
				CODE_SIGN_STYLE = Automatic;
				INFOPLIST_FILE = "$(SRCROOT)/iOSChallenge/Supporting Files/Info.plist";
				LD_RUNPATH_SEARCH_PATHS = (
					"$(inherited)",
					"@executable_path/Frameworks",
				);
				PRODUCT_BUNDLE_IDENTIFIER = com.ricsgobbe.iOSChallenge;
				PRODUCT_NAME = "$(TARGET_NAME)";
				SWIFT_VERSION = 4.0;
				TARGETED_DEVICE_FAMILY = "1,2";
			};
			name = Debug;
		};
		042B37BC2165B09B00045DE3 /* Release */ = {
			isa = XCBuildConfiguration;
			baseConfigurationReference = D0967FB65D775EC890D1F58F /* Pods-iOSChallenge.release.xcconfig */;
			buildSettings = {
				ASSETCATALOG_COMPILER_APPICON_NAME = AppIcon;
				CODE_SIGN_STYLE = Automatic;
				INFOPLIST_FILE = "$(SRCROOT)/iOSChallenge/Supporting Files/Info.plist";
				LD_RUNPATH_SEARCH_PATHS = (
					"$(inherited)",
					"@executable_path/Frameworks",
				);
				PRODUCT_BUNDLE_IDENTIFIER = com.ricsgobbe.iOSChallenge;
				PRODUCT_NAME = "$(TARGET_NAME)";
				SWIFT_VERSION = 4.0;
				TARGETED_DEVICE_FAMILY = "1,2";
			};
			name = Release;
		};
		042B37BE2165B09B00045DE3 /* Debug */ = {
			isa = XCBuildConfiguration;
			baseConfigurationReference = 2054C4CAB3DFD02A45F87267 /* Pods-iOSChallengeTests.debug.xcconfig */;
			buildSettings = {
				ALWAYS_EMBED_SWIFT_STANDARD_LIBRARIES = YES;
				BUNDLE_LOADER = "$(TEST_HOST)";
				CODE_SIGN_STYLE = Automatic;
				INFOPLIST_FILE = iOSChallengeTests/Info.plist;
				LD_RUNPATH_SEARCH_PATHS = (
					"$(inherited)",
					"@executable_path/Frameworks",
					"@loader_path/Frameworks",
				);
				PRODUCT_BUNDLE_IDENTIFIER = com.ricsgobbe.iOSChallengeTests;
				PRODUCT_NAME = "$(TARGET_NAME)";
				SWIFT_VERSION = 4.0;
				TARGETED_DEVICE_FAMILY = "1,2";
				TEST_HOST = "$(BUILT_PRODUCTS_DIR)/iOSChallenge.app/iOSChallenge";
			};
			name = Debug;
		};
		042B37BF2165B09B00045DE3 /* Release */ = {
			isa = XCBuildConfiguration;
			baseConfigurationReference = FDDA2345527406728AA2D5DB /* Pods-iOSChallengeTests.release.xcconfig */;
			buildSettings = {
				ALWAYS_EMBED_SWIFT_STANDARD_LIBRARIES = YES;
				BUNDLE_LOADER = "$(TEST_HOST)";
				CODE_SIGN_STYLE = Automatic;
				INFOPLIST_FILE = iOSChallengeTests/Info.plist;
				LD_RUNPATH_SEARCH_PATHS = (
					"$(inherited)",
					"@executable_path/Frameworks",
					"@loader_path/Frameworks",
				);
				PRODUCT_BUNDLE_IDENTIFIER = com.ricsgobbe.iOSChallengeTests;
				PRODUCT_NAME = "$(TARGET_NAME)";
				SWIFT_VERSION = 4.0;
				TARGETED_DEVICE_FAMILY = "1,2";
				TEST_HOST = "$(BUILT_PRODUCTS_DIR)/iOSChallenge.app/iOSChallenge";
			};
			name = Release;
		};
		042B37C12165B09B00045DE3 /* Debug */ = {
			isa = XCBuildConfiguration;
			baseConfigurationReference = A207E9C2220A9DF191B27DA4 /* Pods-iOSChallengeUITests.debug.xcconfig */;
			buildSettings = {
				ALWAYS_EMBED_SWIFT_STANDARD_LIBRARIES = YES;
				CODE_SIGN_STYLE = Automatic;
				INFOPLIST_FILE = iOSChallengeUITests/Info.plist;
				LD_RUNPATH_SEARCH_PATHS = (
					"$(inherited)",
					"@executable_path/Frameworks",
					"@loader_path/Frameworks",
				);
				PRODUCT_BUNDLE_IDENTIFIER = com.ricsgobbe.iOSChallengeUITests;
				PRODUCT_NAME = "$(TARGET_NAME)";
				SWIFT_VERSION = 4.0;
				TARGETED_DEVICE_FAMILY = "1,2";
				TEST_TARGET_NAME = iOSChallenge;
			};
			name = Debug;
		};
		042B37C22165B09B00045DE3 /* Release */ = {
			isa = XCBuildConfiguration;
			baseConfigurationReference = 9EF4079A87F0B65436F1C6B3 /* Pods-iOSChallengeUITests.release.xcconfig */;
			buildSettings = {
				ALWAYS_EMBED_SWIFT_STANDARD_LIBRARIES = YES;
				CODE_SIGN_STYLE = Automatic;
				INFOPLIST_FILE = iOSChallengeUITests/Info.plist;
				LD_RUNPATH_SEARCH_PATHS = (
					"$(inherited)",
					"@executable_path/Frameworks",
					"@loader_path/Frameworks",
				);
				PRODUCT_BUNDLE_IDENTIFIER = com.ricsgobbe.iOSChallengeUITests;
				PRODUCT_NAME = "$(TARGET_NAME)";
				SWIFT_VERSION = 4.0;
				TARGETED_DEVICE_FAMILY = "1,2";
				TEST_TARGET_NAME = iOSChallenge;
			};
			name = Release;
		};
/* End XCBuildConfiguration section */

/* Begin XCConfigurationList section */
		042B378D2165B09900045DE3 /* Build configuration list for PBXProject "iOSChallenge" */ = {
			isa = XCConfigurationList;
			buildConfigurations = (
				042B37B82165B09B00045DE3 /* Debug */,
				042B37B92165B09B00045DE3 /* Release */,
			);
			defaultConfigurationIsVisible = 0;
			defaultConfigurationName = Release;
		};
		042B37BA2165B09B00045DE3 /* Build configuration list for PBXNativeTarget "iOSChallenge" */ = {
			isa = XCConfigurationList;
			buildConfigurations = (
				042B37BB2165B09B00045DE3 /* Debug */,
				042B37BC2165B09B00045DE3 /* Release */,
			);
			defaultConfigurationIsVisible = 0;
			defaultConfigurationName = Release;
		};
		042B37BD2165B09B00045DE3 /* Build configuration list for PBXNativeTarget "iOSChallengeTests" */ = {
			isa = XCConfigurationList;
			buildConfigurations = (
				042B37BE2165B09B00045DE3 /* Debug */,
				042B37BF2165B09B00045DE3 /* Release */,
			);
			defaultConfigurationIsVisible = 0;
			defaultConfigurationName = Release;
		};
		042B37C02165B09B00045DE3 /* Build configuration list for PBXNativeTarget "iOSChallengeUITests" */ = {
			isa = XCConfigurationList;
			buildConfigurations = (
				042B37C12165B09B00045DE3 /* Debug */,
				042B37C22165B09B00045DE3 /* Release */,
			);
			defaultConfigurationIsVisible = 0;
			defaultConfigurationName = Release;
		};
/* End XCConfigurationList section */
	};
	rootObject = 042B378A2165B09900045DE3 /* Project object */;
}
