// !$*UTF8*$!
{
	archiveVersion = 1;
	classes = {
	};
	objectVersion = 50;
	objects = {

/* Begin PBXBuildFile section */
		042B37962165B09900045DE3 /* AppDelegate.swift in Sources */ = {isa = PBXBuildFile; fileRef = 042B37952165B09900045DE3 /* AppDelegate.swift */; };
		042B37982165B09900045DE3 /* ViewController.swift in Sources */ = {isa = PBXBuildFile; fileRef = 042B37972165B09900045DE3 /* ViewController.swift */; };
		042B379B2165B09900045DE3 /* Main.storyboard in Resources */ = {isa = PBXBuildFile; fileRef = 042B37992165B09900045DE3 /* Main.storyboard */; };
		042B379D2165B09B00045DE3 /* Assets.xcassets in Resources */ = {isa = PBXBuildFile; fileRef = 042B379C2165B09B00045DE3 /* Assets.xcassets */; };
		042B37A02165B09B00045DE3 /* LaunchScreen.storyboard in Resources */ = {isa = PBXBuildFile; fileRef = 042B379E2165B09B00045DE3 /* LaunchScreen.storyboard */; };
		042B37AB2165B09B00045DE3 /* iOSChallengeTests.swift in Sources */ = {isa = PBXBuildFile; fileRef = 042B37AA2165B09B00045DE3 /* iOSChallengeTests.swift */; };
		042B37B62165B09B00045DE3 /* iOSChallengeUITests.swift in Sources */ = {isa = PBXBuildFile; fileRef = 042B37B52165B09B00045DE3 /* iOSChallengeUITests.swift */; };
/* End PBXBuildFile section */

/* Begin PBXContainerItemProxy section */
		042B37A72165B09B00045DE3 /* PBXContainerItemProxy */ = {
			isa = PBXContainerItemProxy;
			containerPortal = 042B378A2165B09900045DE3 /* Project object */;
			proxyType = 1;
			remoteGlobalIDString = 042B37912165B09900045DE3;
			remoteInfo = iOSChallenge;
		};
		042B37B22165B09B00045DE3 /* PBXContainerItemProxy */ = {
			isa = PBXContainerItemProxy;
			containerPortal = 042B378A2165B09900045DE3 /* Project object */;
			proxyType = 1;
			remoteGlobalIDString = 042B37912165B09900045DE3;
			remoteInfo = iOSChallenge;
		};
/* End PBXContainerItemProxy section */

/* Begin PBXFileReference section */
		042B37922165B09900045DE3 /* iOSChallenge.app */ = {isa = PBXFileReference; explicitFileType = wrapper.application; includeInIndex = 0; path = iOSChallenge.app; sourceTree = BUILT_PRODUCTS_DIR; };
		042B37952165B09900045DE3 /* AppDelegate.swift */ = {isa = PBXFileReference; lastKnownFileType = sourcecode.swift; path = AppDelegate.swift; sourceTree = "<group>"; };
		042B37972165B09900045DE3 /* ViewController.swift */ = {isa = PBXFileReference; lastKnownFileType = sourcecode.swift; path = ViewController.swift; sourceTree = "<group>"; };
		042B379A2165B09900045DE3 /* Base */ = {isa = PBXFileReference; lastKnownFileType = file.storyboard; name = Base; path = Base.lproj/Main.storyboard; sourceTree = "<group>"; };
		042B379C2165B09B00045DE3 /* Assets.xcassets */ = {isa = PBXFileReference; lastKnownFileType = folder.assetcatalog; path = Assets.xcassets; sourceTree = "<group>"; };
		042B379F2165B09B00045DE3 /* Base */ = {isa = PBXFileReference; lastKnownFileType = file.storyboard; name = Base; path = Base.lproj/LaunchScreen.storyboard; sourceTree = "<group>"; };
		042B37A12165B09B00045DE3 /* Info.plist */ = {isa = PBXFileReference; lastKnownFileType = text.plist.xml; path = Info.plist; sourceTree = "<group>"; };
		042B37A62165B09B00045DE3 /* iOSChallengeTests.xctest */ = {isa = PBXFileReference; explicitFileType = wrapper.cfbundle; includeInIndex = 0; path = iOSChallengeTests.xctest; sourceTree = BUILT_PRODUCTS_DIR; };
		042B37AA2165B09B00045DE3 /* iOSChallengeTests.swift */ = {isa = PBXFileReference; lastKnownFileType = sourcecode.swift; path = iOSChallengeTests.swift; sourceTree = "<group>"; };
		042B37AC2165B09B00045DE3 /* Info.plist */ = {isa = PBXFileReference; lastKnownFileType = text.plist.xml; path = Info.plist; sourceTree = "<group>"; };
		042B37B12165B09B00045DE3 /* iOSChallengeUITests.xctest */ = {isa = PBXFileReference; explicitFileType = wrapper.cfbundle; includeInIndex = 0; path = iOSChallengeUITests.xctest; sourceTree = BUILT_PRODUCTS_DIR; };
		042B37B52165B09B00045DE3 /* iOSChallengeUITests.swift */ = {isa = PBXFileReference; lastKnownFileType = sourcecode.swift; path = iOSChallengeUITests.swift; sourceTree = "<group>"; };
		042B37B72165B09B00045DE3 /* Info.plist */ = {isa = PBXFileReference; lastKnownFileType = text.plist.xml; path = Info.plist; sourceTree = "<group>"; };
/* End PBXFileReference section */

/* Begin PBXFrameworksBuildPhase section */
		042B378F2165B09900045DE3 /* Frameworks */ = {
			isa = PBXFrameworksBuildPhase;
			buildActionMask = 2147483647;
			files = (
			);
			runOnlyForDeploymentPostprocessing = 0;
		};
		042B37A32165B09B00045DE3 /* Frameworks */ = {
			isa = PBXFrameworksBuildPhase;
			buildActionMask = 2147483647;
			files = (
			);
			runOnlyForDeploymentPostprocessing = 0;
		};
		042B37AE2165B09B00045DE3 /* Frameworks */ = {
			isa = PBXFrameworksBuildPhase;
			buildActionMask = 2147483647;
			files = (
			);
			runOnlyForDeploymentPostprocessing = 0;
		};
/* End PBXFrameworksBuildPhase section */

/* Begin PBXGroup section */
		042B37892165B09900045DE3 = {
			isa = PBXGroup;
			children = (
				042B37942165B09900045DE3 /* iOSChallenge */,
				042B37A92165B09B00045DE3 /* iOSChallengeTests */,
				042B37B42165B09B00045DE3 /* iOSChallengeUITests */,
				042B37932165B09900045DE3 /* Products */,
			);
			sourceTree = "<group>";
		};
		042B37932165B09900045DE3 /* Products */ = {
			isa = PBXGroup;
			children = (
				042B37922165B09900045DE3 /* iOSChallenge.app */,
				042B37A62165B09B00045DE3 /* iOSChallengeTests.xctest */,
				042B37B12165B09B00045DE3 /* iOSChallengeUITests.xctest */,
			);
			name = Products;
			sourceTree = "<group>";
		};
		042B37942165B09900045DE3 /* iOSChallenge */ = {
			isa = PBXGroup;
			children = (
				042B37952165B09900045DE3 /* AppDelegate.swift */,
				042B37972165B09900045DE3 /* ViewController.swift */,
				042B37992165B09900045DE3 /* Main.storyboard */,
				042B379C2165B09B00045DE3 /* Assets.xcassets */,
				042B379E2165B09B00045DE3 /* LaunchScreen.storyboard */,
				042B37A12165B09B00045DE3 /* Info.plist */,
			);
			path = iOSChallenge;
			sourceTree = "<group>";
		};
		042B37A92165B09B00045DE3 /* iOSChallengeTests */ = {
			isa = PBXGroup;
			children = (
				042B37AA2165B09B00045DE3 /* iOSChallengeTests.swift */,
				042B37AC2165B09B00045DE3 /* Info.plist */,
			);
			path = iOSChallengeTests;
			sourceTree = "<group>";
		};
		042B37B42165B09B00045DE3 /* iOSChallengeUITests */ = {
			isa = PBXGroup;
			children = (
				042B37B52165B09B00045DE3 /* iOSChallengeUITests.swift */,
				042B37B72165B09B00045DE3 /* Info.plist */,
			);
			path = iOSChallengeUITests;
			sourceTree = "<group>";
		};
/* End PBXGroup section */

/* Begin PBXNativeTarget section */
		042B37912165B09900045DE3 /* iOSChallenge */ = {
			isa = PBXNativeTarget;
			buildConfigurationList = 042B37BA2165B09B00045DE3 /* Build configuration list for PBXNativeTarget "iOSChallenge" */;
			buildPhases = (
				042B378E2165B09900045DE3 /* Sources */,
				042B378F2165B09900045DE3 /* Frameworks */,
				042B37902165B09900045DE3 /* Resources */,
			);
			buildRules = (
			);
			dependencies = (
			);
			name = iOSChallenge;
			productName = iOSChallenge;
			productReference = 042B37922165B09900045DE3 /* iOSChallenge.app */;
			productType = "com.apple.product-type.application";
		};
		042B37A52165B09B00045DE3 /* iOSChallengeTests */ = {
			isa = PBXNativeTarget;
			buildConfigurationList = 042B37BD2165B09B00045DE3 /* Build configuration list for PBXNativeTarget "iOSChallengeTests" */;
			buildPhases = (
				042B37A22165B09B00045DE3 /* Sources */,
				042B37A32165B09B00045DE3 /* Frameworks */,
				042B37A42165B09B00045DE3 /* Resources */,
			);
			buildRules = (
			);
			dependencies = (
				042B37A82165B09B00045DE3 /* PBXTargetDependency */,
			);
			name = iOSChallengeTests;
			productName = iOSChallengeTests;
			productReference = 042B37A62165B09B00045DE3 /* iOSChallengeTests.xctest */;
			productType = "com.apple.product-type.bundle.unit-test";
		};
		042B37B02165B09B00045DE3 /* iOSChallengeUITests */ = {
			isa = PBXNativeTarget;
			buildConfigurationList = 042B37C02165B09B00045DE3 /* Build configuration list for PBXNativeTarget "iOSChallengeUITests" */;
			buildPhases = (
				042B37AD2165B09B00045DE3 /* Sources */,
				042B37AE2165B09B00045DE3 /* Frameworks */,
				042B37AF2165B09B00045DE3 /* Resources */,
			);
			buildRules = (
			);
			dependencies = (
				042B37B32165B09B00045DE3 /* PBXTargetDependency */,
			);
			name = iOSChallengeUITests;
			productName = iOSChallengeUITests;
			productReference = 042B37B12165B09B00045DE3 /* iOSChallengeUITests.xctest */;
			productType = "com.apple.product-type.bundle.ui-testing";
		};
/* End PBXNativeTarget section */

/* Begin PBXProject section */
		042B378A2165B09900045DE3 /* Project object */ = {
			isa = PBXProject;
			attributes = {
				LastSwiftUpdateCheck = 0940;
				LastUpgradeCheck = 0940;
				ORGANIZATIONNAME = "Ricardo Sgobbe";
				TargetAttributes = {
					042B37912165B09900045DE3 = {
						CreatedOnToolsVersion = 9.4.1;
					};
					042B37A52165B09B00045DE3 = {
						CreatedOnToolsVersion = 9.4.1;
						TestTargetID = 042B37912165B09900045DE3;
					};
					042B37B02165B09B00045DE3 = {
						CreatedOnToolsVersion = 9.4.1;
						TestTargetID = 042B37912165B09900045DE3;
					};
				};
			};
			buildConfigurationList = 042B378D2165B09900045DE3 /* Build configuration list for PBXProject "iOSChallenge" */;
			compatibilityVersion = "Xcode 9.3";
			developmentRegion = en;
			hasScannedForEncodings = 0;
			knownRegions = (
				en,
				Base,
			);
			mainGroup = 042B37892165B09900045DE3;
			productRefGroup = 042B37932165B09900045DE3 /* Products */;
			projectDirPath = "";
			projectRoot = "";
			targets = (
				042B37912165B09900045DE3 /* iOSChallenge */,
				042B37A52165B09B00045DE3 /* iOSChallengeTests */,
				042B37B02165B09B00045DE3 /* iOSChallengeUITests */,
			);
		};
/* End PBXProject section */

/* Begin PBXResourcesBuildPhase section */
		042B37902165B09900045DE3 /* Resources */ = {
			isa = PBXResourcesBuildPhase;
			buildActionMask = 2147483647;
			files = (
				042B37A02165B09B00045DE3 /* LaunchScreen.storyboard in Resources */,
				042B379D2165B09B00045DE3 /* Assets.xcassets in Resources */,
				042B379B2165B09900045DE3 /* Main.storyboard in Resources */,
			);
			runOnlyForDeploymentPostprocessing = 0;
		};
		042B37A42165B09B00045DE3 /* Resources */ = {
			isa = PBXResourcesBuildPhase;
			buildActionMask = 2147483647;
			files = (
			);
			runOnlyForDeploymentPostprocessing = 0;
		};
		042B37AF2165B09B00045DE3 /* Resources */ = {
			isa = PBXResourcesBuildPhase;
			buildActionMask = 2147483647;
			files = (
			);
			runOnlyForDeploymentPostprocessing = 0;
		};
/* End PBXResourcesBuildPhase section */

/* Begin PBXSourcesBuildPhase section */
		042B378E2165B09900045DE3 /* Sources */ = {
			isa = PBXSourcesBuildPhase;
			buildActionMask = 2147483647;
			files = (
				042B37982165B09900045DE3 /* ViewController.swift in Sources */,
				042B37962165B09900045DE3 /* AppDelegate.swift in Sources */,
			);
			runOnlyForDeploymentPostprocessing = 0;
		};
		042B37A22165B09B00045DE3 /* Sources */ = {
			isa = PBXSourcesBuildPhase;
			buildActionMask = 2147483647;
			files = (
				042B37AB2165B09B00045DE3 /* iOSChallengeTests.swift in Sources */,
			);
			runOnlyForDeploymentPostprocessing = 0;
		};
		042B37AD2165B09B00045DE3 /* Sources */ = {
			isa = PBXSourcesBuildPhase;
			buildActionMask = 2147483647;
			files = (
				042B37B62165B09B00045DE3 /* iOSChallengeUITests.swift in Sources */,
			);
			runOnlyForDeploymentPostprocessing = 0;
		};
/* End PBXSourcesBuildPhase section */

/* Begin PBXTargetDependency section */
		042B37A82165B09B00045DE3 /* PBXTargetDependency */ = {
			isa = PBXTargetDependency;
			target = 042B37912165B09900045DE3 /* iOSChallenge */;
			targetProxy = 042B37A72165B09B00045DE3 /* PBXContainerItemProxy */;
		};
		042B37B32165B09B00045DE3 /* PBXTargetDependency */ = {
			isa = PBXTargetDependency;
			target = 042B37912165B09900045DE3 /* iOSChallenge */;
			targetProxy = 042B37B22165B09B00045DE3 /* PBXContainerItemProxy */;
		};
/* End PBXTargetDependency section */

/* Begin PBXVariantGroup section */
		042B37992165B09900045DE3 /* Main.storyboard */ = {
			isa = PBXVariantGroup;
			children = (
				042B379A2165B09900045DE3 /* Base */,
			);
			name = Main.storyboard;
			sourceTree = "<group>";
		};
		042B379E2165B09B00045DE3 /* LaunchScreen.storyboard */ = {
			isa = PBXVariantGroup;
			children = (
				042B379F2165B09B00045DE3 /* Base */,
			);
			name = LaunchScreen.storyboard;
			sourceTree = "<group>";
		};
/* End PBXVariantGroup section */

/* Begin XCBuildConfiguration section */
		042B37B82165B09B00045DE3 /* Debug */ = {
			isa = XCBuildConfiguration;
			buildSettings = {
				ALWAYS_SEARCH_USER_PATHS = NO;
				CLANG_ANALYZER_NONNULL = YES;
				CLANG_ANALYZER_NUMBER_OBJECT_CONVERSION = YES_AGGRESSIVE;
				CLANG_CXX_LANGUAGE_STANDARD = "gnu++14";
				CLANG_CXX_LIBRARY = "libc++";
				CLANG_ENABLE_MODULES = YES;
				CLANG_ENABLE_OBJC_ARC = YES;
				CLANG_ENABLE_OBJC_WEAK = YES;
				CLANG_WARN_BLOCK_CAPTURE_AUTORELEASING = YES;
				CLANG_WARN_BOOL_CONVERSION = YES;
				CLANG_WARN_COMMA = YES;
				CLANG_WARN_CONSTANT_CONVERSION = YES;
				CLANG_WARN_DEPRECATED_OBJC_IMPLEMENTATIONS = YES;
				CLANG_WARN_DIRECT_OBJC_ISA_USAGE = YES_ERROR;
				CLANG_WARN_DOCUMENTATION_COMMENTS = YES;
				CLANG_WARN_EMPTY_BODY = YES;
				CLANG_WARN_ENUM_CONVERSION = YES;
				CLANG_WARN_INFINITE_RECURSION = YES;
				CLANG_WARN_INT_CONVERSION = YES;
				CLANG_WARN_NON_LITERAL_NULL_CONVERSION = YES;
				CLANG_WARN_OBJC_IMPLICIT_RETAIN_SELF = YES;
				CLANG_WARN_OBJC_LITERAL_CONVERSION = YES;
				CLANG_WARN_OBJC_ROOT_CLASS = YES_ERROR;
				CLANG_WARN_RANGE_LOOP_ANALYSIS = YES;
				CLANG_WARN_STRICT_PROTOTYPES = YES;
				CLANG_WARN_SUSPICIOUS_MOVE = YES;
				CLANG_WARN_UNGUARDED_AVAILABILITY = YES_AGGRESSIVE;
				CLANG_WARN_UNREACHABLE_CODE = YES;
				CLANG_WARN__DUPLICATE_METHOD_MATCH = YES;
				CODE_SIGN_IDENTITY = "iPhone Developer";
				COPY_PHASE_STRIP = NO;
				DEBUG_INFORMATION_FORMAT = dwarf;
				ENABLE_STRICT_OBJC_MSGSEND = YES;
				ENABLE_TESTABILITY = YES;
				GCC_C_LANGUAGE_STANDARD = gnu11;
				GCC_DYNAMIC_NO_PIC = NO;
				GCC_NO_COMMON_BLOCKS = YES;
				GCC_OPTIMIZATION_LEVEL = 0;
				GCC_PREPROCESSOR_DEFINITIONS = (
					"DEBUG=1",
					"$(inherited)",
				);
				GCC_WARN_64_TO_32_BIT_CONVERSION = YES;
				GCC_WARN_ABOUT_RETURN_TYPE = YES_ERROR;
				GCC_WARN_UNDECLARED_SELECTOR = YES;
				GCC_WARN_UNINITIALIZED_AUTOS = YES_AGGRESSIVE;
				GCC_WARN_UNUSED_FUNCTION = YES;
				GCC_WARN_UNUSED_VARIABLE = YES;
				IPHONEOS_DEPLOYMENT_TARGET = 11.4;
				MTL_ENABLE_DEBUG_INFO = YES;
				ONLY_ACTIVE_ARCH = YES;
				SDKROOT = iphoneos;
				SWIFT_ACTIVE_COMPILATION_CONDITIONS = DEBUG;
				SWIFT_OPTIMIZATION_LEVEL = "-Onone";
			};
			name = Debug;
		};
		042B37B92165B09B00045DE3 /* Release */ = {
			isa = XCBuildConfiguration;
			buildSettings = {
				ALWAYS_SEARCH_USER_PATHS = NO;
				CLANG_ANALYZER_NONNULL = YES;
				CLANG_ANALYZER_NUMBER_OBJECT_CONVERSION = YES_AGGRESSIVE;
				CLANG_CXX_LANGUAGE_STANDARD = "gnu++14";
				CLANG_CXX_LIBRARY = "libc++";
				CLANG_ENABLE_MODULES = YES;
				CLANG_ENABLE_OBJC_ARC = YES;
				CLANG_ENABLE_OBJC_WEAK = YES;
				CLANG_WARN_BLOCK_CAPTURE_AUTORELEASING = YES;
				CLANG_WARN_BOOL_CONVERSION = YES;
				CLANG_WARN_COMMA = YES;
				CLANG_WARN_CONSTANT_CONVERSION = YES;
				CLANG_WARN_DEPRECATED_OBJC_IMPLEMENTATIONS = YES;
				CLANG_WARN_DIRECT_OBJC_ISA_USAGE = YES_ERROR;
				CLANG_WARN_DOCUMENTATION_COMMENTS = YES;
				CLANG_WARN_EMPTY_BODY = YES;
				CLANG_WARN_ENUM_CONVERSION = YES;
				CLANG_WARN_INFINITE_RECURSION = YES;
				CLANG_WARN_INT_CONVERSION = YES;
				CLANG_WARN_NON_LITERAL_NULL_CONVERSION = YES;
				CLANG_WARN_OBJC_IMPLICIT_RETAIN_SELF = YES;
				CLANG_WARN_OBJC_LITERAL_CONVERSION = YES;
				CLANG_WARN_OBJC_ROOT_CLASS = YES_ERROR;
				CLANG_WARN_RANGE_LOOP_ANALYSIS = YES;
				CLANG_WARN_STRICT_PROTOTYPES = YES;
				CLANG_WARN_SUSPICIOUS_MOVE = YES;
				CLANG_WARN_UNGUARDED_AVAILABILITY = YES_AGGRESSIVE;
				CLANG_WARN_UNREACHABLE_CODE = YES;
				CLANG_WARN__DUPLICATE_METHOD_MATCH = YES;
				CODE_SIGN_IDENTITY = "iPhone Developer";
				COPY_PHASE_STRIP = NO;
				DEBUG_INFORMATION_FORMAT = "dwarf-with-dsym";
				ENABLE_NS_ASSERTIONS = NO;
				ENABLE_STRICT_OBJC_MSGSEND = YES;
				GCC_C_LANGUAGE_STANDARD = gnu11;
				GCC_NO_COMMON_BLOCKS = YES;
				GCC_WARN_64_TO_32_BIT_CONVERSION = YES;
				GCC_WARN_ABOUT_RETURN_TYPE = YES_ERROR;
				GCC_WARN_UNDECLARED_SELECTOR = YES;
				GCC_WARN_UNINITIALIZED_AUTOS = YES_AGGRESSIVE;
				GCC_WARN_UNUSED_FUNCTION = YES;
				GCC_WARN_UNUSED_VARIABLE = YES;
				IPHONEOS_DEPLOYMENT_TARGET = 11.4;
				MTL_ENABLE_DEBUG_INFO = NO;
				SDKROOT = iphoneos;
				SWIFT_COMPILATION_MODE = wholemodule;
				SWIFT_OPTIMIZATION_LEVEL = "-O";
				VALIDATE_PRODUCT = YES;
			};
			name = Release;
		};
		042B37BB2165B09B00045DE3 /* Debug */ = {
			isa = XCBuildConfiguration;
			buildSettings = {
				ASSETCATALOG_COMPILER_APPICON_NAME = AppIcon;
				CODE_SIGN_STYLE = Automatic;
				INFOPLIST_FILE = iOSChallenge/Info.plist;
				LD_RUNPATH_SEARCH_PATHS = (
					"$(inherited)",
					"@executable_path/Frameworks",
				);
				PRODUCT_BUNDLE_IDENTIFIER = com.ricsgobbe.iOSChallenge;
				PRODUCT_NAME = "$(TARGET_NAME)";
				SWIFT_VERSION = 4.0;
				TARGETED_DEVICE_FAMILY = "1,2";
			};
			name = Debug;
		};
		042B37BC2165B09B00045DE3 /* Release */ = {
			isa = XCBuildConfiguration;
			buildSettings = {
				ASSETCATALOG_COMPILER_APPICON_NAME = AppIcon;
				CODE_SIGN_STYLE = Automatic;
				INFOPLIST_FILE = iOSChallenge/Info.plist;
				LD_RUNPATH_SEARCH_PATHS = (
					"$(inherited)",
					"@executable_path/Frameworks",
				);
				PRODUCT_BUNDLE_IDENTIFIER = com.ricsgobbe.iOSChallenge;
				PRODUCT_NAME = "$(TARGET_NAME)";
				SWIFT_VERSION = 4.0;
				TARGETED_DEVICE_FAMILY = "1,2";
			};
			name = Release;
		};
		042B37BE2165B09B00045DE3 /* Debug */ = {
			isa = XCBuildConfiguration;
			buildSettings = {
				ALWAYS_EMBED_SWIFT_STANDARD_LIBRARIES = YES;
				BUNDLE_LOADER = "$(TEST_HOST)";
				CODE_SIGN_STYLE = Automatic;
				INFOPLIST_FILE = iOSChallengeTests/Info.plist;
				LD_RUNPATH_SEARCH_PATHS = (
					"$(inherited)",
					"@executable_path/Frameworks",
					"@loader_path/Frameworks",
				);
				PRODUCT_BUNDLE_IDENTIFIER = com.ricsgobbe.iOSChallengeTests;
				PRODUCT_NAME = "$(TARGET_NAME)";
				SWIFT_VERSION = 4.0;
				TARGETED_DEVICE_FAMILY = "1,2";
				TEST_HOST = "$(BUILT_PRODUCTS_DIR)/iOSChallenge.app/iOSChallenge";
			};
			name = Debug;
		};
		042B37BF2165B09B00045DE3 /* Release */ = {
			isa = XCBuildConfiguration;
			buildSettings = {
				ALWAYS_EMBED_SWIFT_STANDARD_LIBRARIES = YES;
				BUNDLE_LOADER = "$(TEST_HOST)";
				CODE_SIGN_STYLE = Automatic;
				INFOPLIST_FILE = iOSChallengeTests/Info.plist;
				LD_RUNPATH_SEARCH_PATHS = (
					"$(inherited)",
					"@executable_path/Frameworks",
					"@loader_path/Frameworks",
				);
				PRODUCT_BUNDLE_IDENTIFIER = com.ricsgobbe.iOSChallengeTests;
				PRODUCT_NAME = "$(TARGET_NAME)";
				SWIFT_VERSION = 4.0;
				TARGETED_DEVICE_FAMILY = "1,2";
				TEST_HOST = "$(BUILT_PRODUCTS_DIR)/iOSChallenge.app/iOSChallenge";
			};
			name = Release;
		};
		042B37C12165B09B00045DE3 /* Debug */ = {
			isa = XCBuildConfiguration;
			buildSettings = {
				ALWAYS_EMBED_SWIFT_STANDARD_LIBRARIES = YES;
				CODE_SIGN_STYLE = Automatic;
				INFOPLIST_FILE = iOSChallengeUITests/Info.plist;
				LD_RUNPATH_SEARCH_PATHS = (
					"$(inherited)",
					"@executable_path/Frameworks",
					"@loader_path/Frameworks",
				);
				PRODUCT_BUNDLE_IDENTIFIER = com.ricsgobbe.iOSChallengeUITests;
				PRODUCT_NAME = "$(TARGET_NAME)";
				SWIFT_VERSION = 4.0;
				TARGETED_DEVICE_FAMILY = "1,2";
				TEST_TARGET_NAME = iOSChallenge;
			};
			name = Debug;
		};
		042B37C22165B09B00045DE3 /* Release */ = {
			isa = XCBuildConfiguration;
			buildSettings = {
				ALWAYS_EMBED_SWIFT_STANDARD_LIBRARIES = YES;
				CODE_SIGN_STYLE = Automatic;
				INFOPLIST_FILE = iOSChallengeUITests/Info.plist;
				LD_RUNPATH_SEARCH_PATHS = (
					"$(inherited)",
					"@executable_path/Frameworks",
					"@loader_path/Frameworks",
				);
				PRODUCT_BUNDLE_IDENTIFIER = com.ricsgobbe.iOSChallengeUITests;
				PRODUCT_NAME = "$(TARGET_NAME)";
				SWIFT_VERSION = 4.0;
				TARGETED_DEVICE_FAMILY = "1,2";
				TEST_TARGET_NAME = iOSChallenge;
			};
			name = Release;
		};
/* End XCBuildConfiguration section */

/* Begin XCConfigurationList section */
		042B378D2165B09900045DE3 /* Build configuration list for PBXProject "iOSChallenge" */ = {
			isa = XCConfigurationList;
			buildConfigurations = (
				042B37B82165B09B00045DE3 /* Debug */,
				042B37B92165B09B00045DE3 /* Release */,
			);
			defaultConfigurationIsVisible = 0;
			defaultConfigurationName = Release;
		};
		042B37BA2165B09B00045DE3 /* Build configuration list for PBXNativeTarget "iOSChallenge" */ = {
			isa = XCConfigurationList;
			buildConfigurations = (
				042B37BB2165B09B00045DE3 /* Debug */,
				042B37BC2165B09B00045DE3 /* Release */,
			);
			defaultConfigurationIsVisible = 0;
			defaultConfigurationName = Release;
		};
		042B37BD2165B09B00045DE3 /* Build configuration list for PBXNativeTarget "iOSChallengeTests" */ = {
			isa = XCConfigurationList;
			buildConfigurations = (
				042B37BE2165B09B00045DE3 /* Debug */,
				042B37BF2165B09B00045DE3 /* Release */,
			);
			defaultConfigurationIsVisible = 0;
			defaultConfigurationName = Release;
		};
		042B37C02165B09B00045DE3 /* Build configuration list for PBXNativeTarget "iOSChallengeUITests" */ = {
			isa = XCConfigurationList;
			buildConfigurations = (
				042B37C12165B09B00045DE3 /* Debug */,
				042B37C22165B09B00045DE3 /* Release */,
			);
			defaultConfigurationIsVisible = 0;
			defaultConfigurationName = Release;
		};
/* End XCConfigurationList section */
	};
	rootObject = 042B378A2165B09900045DE3 /* Project object */;
}
